
Microsoft Visual Studio Solution File, Format Version 12.00
# Visual Studio Version 17
VisualStudioVersion = 17.6.33723.286
MinimumVisualStudioVersion = 10.0.40219.1
Project("{FAE04EC0-301F-11D3-BF4B-00C04F79EFBC}") = "ProjetoMVC", "ProjetoMVC.csproj", "{44BEF06F-C3DC-419C-B5D3-3DA695E3A4EF}"
EndProject
Global
	GlobalSection(SolutionConfigurationPlatforms) = preSolution
		Debug|Any CPU = Debug|Any CPU
		Release|Any CPU = Release|Any CPU
	EndGlobalSection
	GlobalSection(ProjectConfigurationPlatforms) = postSolution
		{44BEF06F-C3DC-419C-B5D3-3DA695E3A4EF}.Debug|Any CPU.ActiveCfg = Debug|Any CPU
		{44BEF06F-C3DC-419C-B5D3-3DA695E3A4EF}.Debug|Any CPU.Build.0 = Debug|Any CPU
		{44BEF06F-C3DC-419C-B5D3-3DA695E3A4EF}.Release|Any CPU.ActiveCfg = Release|Any CPU
		{44BEF06F-C3DC-419C-B5D3-3DA695E3A4EF}.Release|Any CPU.Build.0 = Release|Any CPU
	EndGlobalSection
	GlobalSection(SolutionProperties) = preSolution
		HideSolutionNode = FALSE
	EndGlobalSection
	GlobalSection(ExtensibilityGlobals) = postSolution
		SolutionGuid = {321C9C11-4254-4B3A-9C6E-F692A9F6C420}
	EndGlobalSection
EndGlobal
